
Microsoft Visual Studio Solution File, Format Version 12.00
# Visual Studio for Mac
Project("{FAE04EC0-301F-11D3-BF4B-00C04F79EFBC}") = "VuforiaScripts", "VuforiaScripts.csproj", "{76A3EC29-D2CF-92F8-4FDD-871175791F62}"
EndProject
Project("{FAE04EC0-301F-11D3-BF4B-00C04F79EFBC}") = "VuforiaEditorScripts", "VuforiaEditorScripts.csproj", "{835B3C16-0EFE-BEC0-944D-7ED63EC86145}"
EndProject
Global
	GlobalSection(SolutionConfigurationPlatforms) = preSolution
		Debug|Any CPU = Debug|Any CPU
		Release|Any CPU = Release|Any CPU
	EndGlobalSection
	GlobalSection(ProjectConfigurationPlatforms) = postSolution
		{76A3EC29-D2CF-92F8-4FDD-871175791F62}.Debug|Any CPU.ActiveCfg = Debug|Any CPU
		{76A3EC29-D2CF-92F8-4FDD-871175791F62}.Debug|Any CPU.Build.0 = Debug|Any CPU
		{76A3EC29-D2CF-92F8-4FDD-871175791F62}.Release|Any CPU.ActiveCfg = Release|Any CPU
		{76A3EC29-D2CF-92F8-4FDD-871175791F62}.Release|Any CPU.Build.0 = Release|Any CPU
		{835B3C16-0EFE-BEC0-944D-7ED63EC86145}.Debug|Any CPU.ActiveCfg = Debug|Any CPU
		{835B3C16-0EFE-BEC0-944D-7ED63EC86145}.Debug|Any CPU.Build.0 = Debug|Any CPU
		{835B3C16-0EFE-BEC0-944D-7ED63EC86145}.Release|Any CPU.ActiveCfg = Release|Any CPU
		{835B3C16-0EFE-BEC0-944D-7ED63EC86145}.Release|Any CPU.Build.0 = Release|Any CPU
	EndGlobalSection
	GlobalSection(SolutionProperties) = preSolution
		HideSolutionNode = FALSE
	EndGlobalSection
EndGlobal
